
Microsoft Visual Studio Solution File, Format Version 12.00
Project("{8BC9CEB8-8B4A-11D0-8D11-00A0C91BC942}") = "Wordle", "Wordle.vcxproj", "{3C3CB989-3592-47E8-885A-DE3461507972}"
EndProject
Global
	GlobalSection(SolutionConfigurationPlatforms) = preSolution
		Debug|Win32 = Debug|Win32
		Debug|x64 = Debug|x64
		Release|Win32 = Release|Win32
		Release|x64 = Release|x64
	EndGlobalSection
	GlobalSection(ProjectConfigurationPlatforms) = postSolution
		{3C3CB989-3592-47E8-885A-DE3461507972}.Debug|Win32.ActiveCfg = Debug|Win32
		{3C3CB989-3592-47E8-885A-DE3461507972}.Debug|Win32.Build.0 = Debug|Win32
		{3C3CB989-3592-47E8-885A-DE3461507972}.Debug|x64.ActiveCfg = Debug|x64
		{3C3CB989-3592-47E8-885A-DE3461507972}.Debug|x64.Build.0 = Debug|x64
		{3C3CB989-3592-47E8-885A-DE3461507972}.Release|Win32.ActiveCfg = Release|Win32
		{3C3CB989-3592-47E8-885A-DE3461507972}.Release|Win32.Build.0 = Release|Win32
		{3C3CB989-3592-47E8-885A-DE3461507972}.Release|x64.ActiveCfg = Release|x64
		{3C3CB989-3592-47E8-885A-DE3461507972}.Release|x64.Build.0 = Release|x64
	EndGlobalSection
EndGlobal
